
Microsoft Visual Studio Solution File, Format Version 12.00
# Visual Studio Version 16
VisualStudioVersion = 16.0.32002.261
MinimumVisualStudioVersion = 10.0.40219.1
Project("{FAE04EC0-301F-11D3-BF4B-00C04F79EFBC}") = "ChatClient", "ChatClient.csproj", "{8C9B2526-3ABF-4ABF-93C2-6894C7C05796}"
EndProject
Project("{FAE04EC0-301F-11D3-BF4B-00C04F79EFBC}") = "ChatServer", "..\ChatServer\ChatServer.csproj", "{2743A9EA-2B31-4E40-9A3B-6A759829DA02}"
EndProject
Global
	GlobalSection(SolutionConfigurationPlatforms) = preSolution
		Debug|Any CPU = Debug|Any CPU
		Release|Any CPU = Release|Any CPU
	EndGlobalSection
	GlobalSection(ProjectConfigurationPlatforms) = postSolution
		{8C9B2526-3ABF-4ABF-93C2-6894C7C05796}.Debug|Any CPU.ActiveCfg = Debug|Any CPU
		{8C9B2526-3ABF-4ABF-93C2-6894C7C05796}.Debug|Any CPU.Build.0 = Debug|Any CPU
		{8C9B2526-3ABF-4ABF-93C2-6894C7C05796}.Release|Any CPU.ActiveCfg = Release|Any CPU
		{8C9B2526-3ABF-4ABF-93C2-6894C7C05796}.Release|Any CPU.Build.0 = Release|Any CPU
		{2743A9EA-2B31-4E40-9A3B-6A759829DA02}.Debug|Any CPU.ActiveCfg = Debug|Any CPU
		{2743A9EA-2B31-4E40-9A3B-6A759829DA02}.Debug|Any CPU.Build.0 = Debug|Any CPU
		{2743A9EA-2B31-4E40-9A3B-6A759829DA02}.Release|Any CPU.ActiveCfg = Release|Any CPU
		{2743A9EA-2B31-4E40-9A3B-6A759829DA02}.Release|Any CPU.Build.0 = Release|Any CPU
	EndGlobalSection
	GlobalSection(SolutionProperties) = preSolution
		HideSolutionNode = FALSE
	EndGlobalSection
	GlobalSection(ExtensibilityGlobals) = postSolution
		SolutionGuid = {79D118B2-01B5-4B2B-AE7B-A604AAC72D6C}
	EndGlobalSection
EndGlobal
